// !$*UTF8*$!
{
	archiveVersion = 1;
	classes = {
	};
	objectVersion = 56;
	objects = {

/* Begin PBXBuildFile section */
		35A0ACA32B229CFC00778176 /* RecipeFinderApp.swift in Sources */ = {isa = PBXBuildFile; fileRef = 35A0ACA22B229CFC00778176 /* RecipeFinderApp.swift */; };
		35A0ACA52B229CFC00778176 /* ContentView.swift in Sources */ = {isa = PBXBuildFile; fileRef = 35A0ACA42B229CFC00778176 /* ContentView.swift */; };
		35A0ACA72B229CFE00778176 /* Assets.xcassets in Resources */ = {isa = PBXBuildFile; fileRef = 35A0ACA62B229CFE00778176 /* Assets.xcassets */; };
		35A0ACAA2B229CFE00778176 /* Preview Assets.xcassets in Resources */ = {isa = PBXBuildFile; fileRef = 35A0ACA92B229CFE00778176 /* Preview Assets.xcassets */; };
		35A0ACAC2B229CFE00778176 /* Persistence.swift in Sources */ = {isa = PBXBuildFile; fileRef = 35A0ACAB2B229CFE00778176 /* Persistence.swift */; };
		35A0ACAF2B229CFE00778176 /* RecipeFinder.xcdatamodeld in Sources */ = {isa = PBXBuildFile; fileRef = 35A0ACAD2B229CFE00778176 /* RecipeFinder.xcdatamodeld */; };
		35A0ACB62B22A0C100778176 /* mealModel.swift in Sources */ = {isa = PBXBuildFile; fileRef = 35A0ACB52B22A0C100778176 /* mealModel.swift */; };
		35A0ACB82B22A26700778176 /* mealViewModel.swift in Sources */ = {isa = PBXBuildFile; fileRef = 35A0ACB72B22A26700778176 /* mealViewModel.swift */; };
		35A0ACBA2B22C28400778176 /* recipeModel.swift in Sources */ = {isa = PBXBuildFile; fileRef = 35A0ACB92B22C28400778176 /* recipeModel.swift */; };
		35A0ACBE2B22CB2C00778176 /* MealDetailView.swift in Sources */ = {isa = PBXBuildFile; fileRef = 35A0ACBD2B22CB2C00778176 /* MealDetailView.swift */; };
/* End PBXBuildFile section */

/* Begin PBXFileReference section */
		35A0AC9F2B229CFC00778176 /* RecipeFinder.app */ = {isa = PBXFileReference; explicitFileType = wrapper.application; includeInIndex = 0; path = RecipeFinder.app; sourceTree = BUILT_PRODUCTS_DIR; };
		35A0ACA22B229CFC00778176 /* RecipeFinderApp.swift */ = {isa = PBXFileReference; lastKnownFileType = sourcecode.swift; path = RecipeFinderApp.swift; sourceTree = "<group>"; };
		35A0ACA42B229CFC00778176 /* ContentView.swift */ = {isa = PBXFileReference; lastKnownFileType = sourcecode.swift; path = ContentView.swift; sourceTree = "<group>"; };
		35A0ACA62B229CFE00778176 /* Assets.xcassets */ = {isa = PBXFileReference; lastKnownFileType = folder.assetcatalog; path = Assets.xcassets; sourceTree = "<group>"; };
		35A0ACA92B229CFE00778176 /* Preview Assets.xcassets */ = {isa = PBXFileReference; lastKnownFileType = folder.assetcatalog; path = "Preview Assets.xcassets"; sourceTree = "<group>"; };
		35A0ACAB2B229CFE00778176 /* Persistence.swift */ = {isa = PBXFileReference; lastKnownFileType = sourcecode.swift; path = Persistence.swift; sourceTree = "<group>"; };
		35A0ACAE2B229CFE00778176 /* RecipeFinder.xcdatamodel */ = {isa = PBXFileReference; lastKnownFileType = wrapper.xcdatamodel; path = RecipeFinder.xcdatamodel; sourceTree = "<group>"; };
		35A0ACB52B22A0C100778176 /* mealModel.swift */ = {isa = PBXFileReference; lastKnownFileType = sourcecode.swift; path = mealModel.swift; sourceTree = "<group>"; };
		35A0ACB72B22A26700778176 /* mealViewModel.swift */ = {isa = PBXFileReference; lastKnownFileType = sourcecode.swift; path = mealViewModel.swift; sourceTree = "<group>"; };
		35A0ACB92B22C28400778176 /* recipeModel.swift */ = {isa = PBXFileReference; lastKnownFileType = sourcecode.swift; path = recipeModel.swift; sourceTree = "<group>"; };
		35A0ACBD2B22CB2C00778176 /* MealDetailView.swift */ = {isa = PBXFileReference; lastKnownFileType = sourcecode.swift; path = MealDetailView.swift; sourceTree = "<group>"; };
/* End PBXFileReference section */

/* Begin PBXFrameworksBuildPhase section */
		35A0AC9C2B229CFC00778176 /* Frameworks */ = {
			isa = PBXFrameworksBuildPhase;
			buildActionMask = 2147483647;
			files = (
			);
			runOnlyForDeploymentPostprocessing = 0;
		};
/* End PBXFrameworksBuildPhase section */

/* Begin PBXGroup section */
		35A0AC962B229CFC00778176 = {
			isa = PBXGroup;
			children = (
				35A0ACA12B229CFC00778176 /* RecipeFinder */,
				35A0ACA02B229CFC00778176 /* Products */,
			);
			sourceTree = "<group>";
		};
		35A0ACA02B229CFC00778176 /* Products */ = {
			isa = PBXGroup;
			children = (
				35A0AC9F2B229CFC00778176 /* RecipeFinder.app */,
			);
			name = Products;
			sourceTree = "<group>";
		};
		35A0ACA12B229CFC00778176 /* RecipeFinder */ = {
			isa = PBXGroup;
			children = (
				35A0ACB72B22A26700778176 /* mealViewModel.swift */,
				35A0ACA22B229CFC00778176 /* RecipeFinderApp.swift */,
				35A0ACA42B229CFC00778176 /* ContentView.swift */,
				35A0ACA62B229CFE00778176 /* Assets.xcassets */,
				35A0ACAB2B229CFE00778176 /* Persistence.swift */,
				35A0ACAD2B229CFE00778176 /* RecipeFinder.xcdatamodeld */,
				35A0ACA82B229CFE00778176 /* Preview Content */,
				35A0ACB52B22A0C100778176 /* mealModel.swift */,
				35A0ACB92B22C28400778176 /* recipeModel.swift */,
				35A0ACBD2B22CB2C00778176 /* MealDetailView.swift */,
			);
			path = RecipeFinder;
			sourceTree = "<group>";
		};
		35A0ACA82B229CFE00778176 /* Preview Content */ = {
			isa = PBXGroup;
			children = (
				35A0ACA92B229CFE00778176 /* Preview Assets.xcassets */,
			);
			path = "Preview Content";
			sourceTree = "<group>";
		};
/* End PBXGroup section */

/* Begin PBXNativeTarget section */
		35A0AC9E2B229CFC00778176 /* RecipeFinder */ = {
			isa = PBXNativeTarget;
			buildConfigurationList = 35A0ACB22B229CFE00778176 /* Build configuration list for PBXNativeTarget "RecipeFinder" */;
			buildPhases = (
				35A0AC9B2B229CFC00778176 /* Sources */,
				35A0AC9C2B229CFC00778176 /* Frameworks */,
				35A0AC9D2B229CFC00778176 /* Resources */,
			);
			buildRules = (
			);
			dependencies = (
			);
			name = RecipeFinder;
			productName = RecipeFinder;
			productReference = 35A0AC9F2B229CFC00778176 /* RecipeFinder.app */;
			productType = "com.apple.product-type.application";
		};
/* End PBXNativeTarget section */

/* Begin PBXProject section */
		35A0AC972B229CFC00778176 /* Project object */ = {
			isa = PBXProject;
			attributes = {
				BuildIndependentTargetsInParallel = 1;
				LastSwiftUpdateCheck = 1410;
				LastUpgradeCheck = 1410;
				TargetAttributes = {
					35A0AC9E2B229CFC00778176 = {
						CreatedOnToolsVersion = 14.1;
					};
				};
			};
			buildConfigurationList = 35A0AC9A2B229CFC00778176 /* Build configuration list for PBXProject "RecipeFinder" */;
			compatibilityVersion = "Xcode 14.0";
			developmentRegion = en;
			hasScannedForEncodings = 0;
			knownRegions = (
				en,
				Base,
			);
			mainGroup = 35A0AC962B229CFC00778176;
			productRefGroup = 35A0ACA02B229CFC00778176 /* Products */;
			projectDirPath = "";
			projectRoot = "";
			targets = (
				35A0AC9E2B229CFC00778176 /* RecipeFinder */,
			);
		};
/* End PBXProject section */

/* Begin PBXResourcesBuildPhase section */
		35A0AC9D2B229CFC00778176 /* Resources */ = {
			isa = PBXResourcesBuildPhase;
			buildActionMask = 2147483647;
			files = (
				35A0ACAA2B229CFE00778176 /* Preview Assets.xcassets in Resources */,
				35A0ACA72B229CFE00778176 /* Assets.xcassets in Resources */,
			);
			runOnlyForDeploymentPostprocessing = 0;
		};
/* End PBXResourcesBuildPhase section */

/* Begin PBXSourcesBuildPhase section */
		35A0AC9B2B229CFC00778176 /* Sources */ = {
			isa = PBXSourcesBuildPhase;
			buildActionMask = 2147483647;
			files = (
				35A0ACBE2B22CB2C00778176 /* MealDetailView.swift in Sources */,
				35A0ACAC2B229CFE00778176 /* Persistence.swift in Sources */,
				35A0ACAF2B229CFE00778176 /* RecipeFinder.xcdatamodeld in Sources */,
				35A0ACBA2B22C28400778176 /* recipeModel.swift in Sources */,
				35A0ACB62B22A0C100778176 /* mealModel.swift in Sources */,
				35A0ACB82B22A26700778176 /* mealViewModel.swift in Sources */,
				35A0ACA52B229CFC00778176 /* ContentView.swift in Sources */,
				35A0ACA32B229CFC00778176 /* RecipeFinderApp.swift in Sources */,
			);
			runOnlyForDeploymentPostprocessing = 0;
		};
/* End PBXSourcesBuildPhase section */

/* Begin XCBuildConfiguration section */
		35A0ACB02B229CFE00778176 /* Debug */ = {
			isa = XCBuildConfiguration;
			buildSettings = {
				ALWAYS_SEARCH_USER_PATHS = NO;
				CLANG_ANALYZER_NONNULL = YES;
				CLANG_ANALYZER_NUMBER_OBJECT_CONVERSION = YES_AGGRESSIVE;
				CLANG_CXX_LANGUAGE_STANDARD = "gnu++20";
				CLANG_ENABLE_MODULES = YES;
				CLANG_ENABLE_OBJC_ARC = YES;
				CLANG_ENABLE_OBJC_WEAK = YES;
				CLANG_WARN_BLOCK_CAPTURE_AUTORELEASING = YES;
				CLANG_WARN_BOOL_CONVERSION = YES;
				CLANG_WARN_COMMA = YES;
				CLANG_WARN_CONSTANT_CONVERSION = YES;
				CLANG_WARN_DEPRECATED_OBJC_IMPLEMENTATIONS = YES;
				CLANG_WARN_DIRECT_OBJC_ISA_USAGE = YES_ERROR;
				CLANG_WARN_DOCUMENTATION_COMMENTS = YES;
				CLANG_WARN_EMPTY_BODY = YES;
				CLANG_WARN_ENUM_CONVERSION = YES;
				CLANG_WARN_INFINITE_RECURSION = YES;
				CLANG_WARN_INT_CONVERSION = YES;
				CLANG_WARN_NON_LITERAL_NULL_CONVERSION = YES;
				CLANG_WARN_OBJC_IMPLICIT_RETAIN_SELF = YES;
				CLANG_WARN_OBJC_LITERAL_CONVERSION = YES;
				CLANG_WARN_OBJC_ROOT_CLASS = YES_ERROR;
				CLANG_WARN_QUOTED_INCLUDE_IN_FRAMEWORK_HEADER = YES;
				CLANG_WARN_RANGE_LOOP_ANALYSIS = YES;
				CLANG_WARN_STRICT_PROTOTYPES = YES;
				CLANG_WARN_SUSPICIOUS_MOVE = YES;
				CLANG_WARN_UNGUARDED_AVAILABILITY = YES_AGGRESSIVE;
				CLANG_WARN_UNREACHABLE_CODE = YES;
				CLANG_WARN__DUPLICATE_METHOD_MATCH = YES;
				COPY_PHASE_STRIP = NO;
				DEBUG_INFORMATION_FORMAT = dwarf;
				ENABLE_STRICT_OBJC_MSGSEND = YES;
				ENABLE_TESTABILITY = YES;
				GCC_C_LANGUAGE_STANDARD = gnu11;
				GCC_DYNAMIC_NO_PIC = NO;
				GCC_NO_COMMON_BLOCKS = YES;
				GCC_OPTIMIZATION_LEVEL = 0;
				GCC_PREPROCESSOR_DEFINITIONS = (
					"DEBUG=1",
					"$(inherited)",
				);
				GCC_WARN_64_TO_32_BIT_CONVERSION = YES;
				GCC_WARN_ABOUT_RETURN_TYPE = YES_ERROR;
				GCC_WARN_UNDECLARED_SELECTOR = YES;
				GCC_WARN_UNINITIALIZED_AUTOS = YES_AGGRESSIVE;
				GCC_WARN_UNUSED_FUNCTION = YES;
				GCC_WARN_UNUSED_VARIABLE = YES;
				IPHONEOS_DEPLOYMENT_TARGET = 16.1;
				MTL_ENABLE_DEBUG_INFO = INCLUDE_SOURCE;
				MTL_FAST_MATH = YES;
				ONLY_ACTIVE_ARCH = YES;
				SDKROOT = iphoneos;
				SWIFT_ACTIVE_COMPILATION_CONDITIONS = DEBUG;
				SWIFT_OPTIMIZATION_LEVEL = "-Onone";
			};
			name = Debug;
		};
		35A0ACB12B229CFE00778176 /* Release */ = {
			isa = XCBuildConfiguration;
			buildSettings = {
				ALWAYS_SEARCH_USER_PATHS = NO;
				CLANG_ANALYZER_NONNULL = YES;
				CLANG_ANALYZER_NUMBER_OBJECT_CONVERSION = YES_AGGRESSIVE;
				CLANG_CXX_LANGUAGE_STANDARD = "gnu++20";
				CLANG_ENABLE_MODULES = YES;
				CLANG_ENABLE_OBJC_ARC = YES;
				CLANG_ENABLE_OBJC_WEAK = YES;
				CLANG_WARN_BLOCK_CAPTURE_AUTORELEASING = YES;
				CLANG_WARN_BOOL_CONVERSION = YES;
				CLANG_WARN_COMMA = YES;
				CLANG_WARN_CONSTANT_CONVERSION = YES;
				CLANG_WARN_DEPRECATED_OBJC_IMPLEMENTATIONS = YES;
				CLANG_WARN_DIRECT_OBJC_ISA_USAGE = YES_ERROR;
				CLANG_WARN_DOCUMENTATION_COMMENTS = YES;
				CLANG_WARN_EMPTY_BODY = YES;
				CLANG_WARN_ENUM_CONVERSION = YES;
				CLANG_WARN_INFINITE_RECURSION = YES;
				CLANG_WARN_INT_CONVERSION = YES;
				CLANG_WARN_NON_LITERAL_NULL_CONVERSION = YES;
				CLANG_WARN_OBJC_IMPLICIT_RETAIN_SELF = YES;
				CLANG_WARN_OBJC_LITERAL_CONVERSION = YES;
				CLANG_WARN_OBJC_ROOT_CLASS = YES_ERROR;
				CLANG_WARN_QUOTED_INCLUDE_IN_FRAMEWORK_HEADER = YES;
				CLANG_WARN_RANGE_LOOP_ANALYSIS = YES;
				CLANG_WARN_STRICT_PROTOTYPES = YES;
				CLANG_WARN_SUSPICIOUS_MOVE = YES;
				CLANG_WARN_UNGUARDED_AVAILABILITY = YES_AGGRESSIVE;
				CLANG_WARN_UNREACHABLE_CODE = YES;
				CLANG_WARN__DUPLICATE_METHOD_MATCH = YES;
				COPY_PHASE_STRIP = NO;
				DEBUG_INFORMATION_FORMAT = "dwarf-with-dsym";
				ENABLE_NS_ASSERTIONS = NO;
				ENABLE_STRICT_OBJC_MSGSEND = YES;
				GCC_C_LANGUAGE_STANDARD = gnu11;
				GCC_NO_COMMON_BLOCKS = YES;
				GCC_WARN_64_TO_32_BIT_CONVERSION = YES;
				GCC_WARN_ABOUT_RETURN_TYPE = YES_ERROR;
				GCC_WARN_UNDECLARED_SELECTOR = YES;
				GCC_WARN_UNINITIALIZED_AUTOS = YES_AGGRESSIVE;
				GCC_WARN_UNUSED_FUNCTION = YES;
				GCC_WARN_UNUSED_VARIABLE = YES;
				IPHONEOS_DEPLOYMENT_TARGET = 16.1;
				MTL_ENABLE_DEBUG_INFO = NO;
				MTL_FAST_MATH = YES;
				SDKROOT = iphoneos;
				SWIFT_COMPILATION_MODE = wholemodule;
				SWIFT_OPTIMIZATION_LEVEL = "-O";
				VALIDATE_PRODUCT = YES;
			};
			name = Release;
		};
		35A0ACB32B229CFE00778176 /* Debug */ = {
			isa = XCBuildConfiguration;
			buildSettings = {
				ASSETCATALOG_COMPILER_APPICON_NAME = AppIcon;
				ASSETCATALOG_COMPILER_GLOBAL_ACCENT_COLOR_NAME = AccentColor;
				CODE_SIGN_STYLE = Automatic;
				CURRENT_PROJECT_VERSION = 1;
				DEVELOPMENT_ASSET_PATHS = "\"RecipeFinder/Preview Content\"";
				DEVELOPMENT_TEAM = 46BYVKXH8U;
				ENABLE_PREVIEWS = YES;
				GENERATE_INFOPLIST_FILE = YES;
				INFOPLIST_KEY_UIApplicationSceneManifest_Generation = YES;
				INFOPLIST_KEY_UIApplicationSupportsIndirectInputEvents = YES;
				INFOPLIST_KEY_UILaunchScreen_Generation = YES;
				INFOPLIST_KEY_UISupportedInterfaceOrientations_iPad = "UIInterfaceOrientationPortrait UIInterfaceOrientationPortraitUpsideDown UIInterfaceOrientationLandscapeLeft UIInterfaceOrientationLandscapeRight";
				INFOPLIST_KEY_UISupportedInterfaceOrientations_iPhone = "UIInterfaceOrientationPortrait UIInterfaceOrientationLandscapeLeft UIInterfaceOrientationLandscapeRight";
				LD_RUNPATH_SEARCH_PATHS = (
					"$(inherited)",
					"@executable_path/Frameworks",
				);
				MARKETING_VERSION = 1.0;
				PRODUCT_BUNDLE_IDENTIFIER = com.christiancruz.RecipeFinder;
				PRODUCT_NAME = "$(TARGET_NAME)";
				SWIFT_EMIT_LOC_STRINGS = YES;
				SWIFT_VERSION = 5.0;
				TARGETED_DEVICE_FAMILY = "1,2";
			};
			name = Debug;
		};
		35A0ACB42B229CFE00778176 /* Release */ = {
			isa = XCBuildConfiguration;
			buildSettings = {
				ASSETCATALOG_COMPILER_APPICON_NAME = AppIcon;
				ASSETCATALOG_COMPILER_GLOBAL_ACCENT_COLOR_NAME = AccentColor;
				CODE_SIGN_STYLE = Automatic;
				CURRENT_PROJECT_VERSION = 1;
				DEVELOPMENT_ASSET_PATHS = "\"RecipeFinder/Preview Content\"";
				DEVELOPMENT_TEAM = 46BYVKXH8U;
				ENABLE_PREVIEWS = YES;
				GENERATE_INFOPLIST_FILE = YES;
				INFOPLIST_KEY_UIApplicationSceneManifest_Generation = YES;
				INFOPLIST_KEY_UIApplicationSupportsIndirectInputEvents = YES;
				INFOPLIST_KEY_UILaunchScreen_Generation = YES;
				INFOPLIST_KEY_UISupportedInterfaceOrientations_iPad = "UIInterfaceOrientationPortrait UIInterfaceOrientationPortraitUpsideDown UIInterfaceOrientationLandscapeLeft UIInterfaceOrientationLandscapeRight";
				INFOPLIST_KEY_UISupportedInterfaceOrientations_iPhone = "UIInterfaceOrientationPortrait UIInterfaceOrientationLandscapeLeft UIInterfaceOrientationLandscapeRight";
				LD_RUNPATH_SEARCH_PATHS = (
					"$(inherited)",
					"@executable_path/Frameworks",
				);
				MARKETING_VERSION = 1.0;
				PRODUCT_BUNDLE_IDENTIFIER = com.christiancruz.RecipeFinder;
				PRODUCT_NAME = "$(TARGET_NAME)";
				SWIFT_EMIT_LOC_STRINGS = YES;
				SWIFT_VERSION = 5.0;
				TARGETED_DEVICE_FAMILY = "1,2";
			};
			name = Release;
		};
/* End XCBuildConfiguration section */

/* Begin XCConfigurationList section */
		35A0AC9A2B229CFC00778176 /* Build configuration list for PBXProject "RecipeFinder" */ = {
			isa = XCConfigurationList;
			buildConfigurations = (
				35A0ACB02B229CFE00778176 /* Debug */,
				35A0ACB12B229CFE00778176 /* Release */,
			);
			defaultConfigurationIsVisible = 0;
			defaultConfigurationName = Release;
		};
		35A0ACB22B229CFE00778176 /* Build configuration list for PBXNativeTarget "RecipeFinder" */ = {
			isa = XCConfigurationList;
			buildConfigurations = (
				35A0ACB32B229CFE00778176 /* Debug */,
				35A0ACB42B229CFE00778176 /* Release */,
			);
			defaultConfigurationIsVisible = 0;
			defaultConfigurationName = Release;
		};
/* End XCConfigurationList section */

/* Begin XCVersionGroup section */
		35A0ACAD2B229CFE00778176 /* RecipeFinder.xcdatamodeld */ = {
			isa = XCVersionGroup;
			children = (
				35A0ACAE2B229CFE00778176 /* RecipeFinder.xcdatamodel */,
			);
			currentVersion = 35A0ACAE2B229CFE00778176 /* RecipeFinder.xcdatamodel */;
			path = RecipeFinder.xcdatamodeld;
			sourceTree = "<group>";
			versionGroupType = wrapper.xcdatamodel;
		};
/* End XCVersionGroup section */
	};
	rootObject = 35A0AC972B229CFC00778176 /* Project object */;
}
